PODS:
  - GCDWebServer (3.5.3):
    - GCDWebServer/Core (= 3.5.3)
  - GCDWebServer/Core (3.5.3)
  - PopcornTorrent (1.3.15)
  - TVVLCKit (3.3.9)

DEPENDENCIES:
  - GCDWebServer
  - PopcornTorrent (from `./`)
  - TVVLCKit

SPEC REPOS:
  https://github.com/CocoaPods/Specs.git:
    - GCDWebServer
    - TVVLCKit

EXTERNAL SOURCES:
  PopcornTorrent:
    :path: "./"

SPEC CHECKSUMS:
  GCDWebServer: c0ab22c73e1b84f358d1e2f74bf6afd1c60829f2
  PopcornTorrent: 65d0af9d67fcd6b6c9e08f744e836502d18c3eab
  TVVLCKit: 14fd438326828e1681e11d809c9592f190e82552

PODFILE CHECKSUM: 0671a02ed7f3d75e2851a1a5b8724aef2f01c3f3

COCOAPODS: 1.8.4
