{
  "object": {
    "pins": [
      {
        "package": "Kingfisher",
        "repositoryURL": "git@github.com:onevcat/Kingfisher.git",
        "state": {
          "branch": null,
          "revision": "7ccfb6cefdb6180cde839310e3dbd5b2d6fefee5",
          "version": "5.13.3"
        }
      },
      {
        "package": "MPUtils",
        "repositoryURL": "git@github.com:martinpucik/MPUtils.git",
        "state": {
          "branch": "master",
          "revision": "f30b140e15a8e436d2843e22a3408a87c2cba6ac",
          "version": null
        }
      },
      {
        "package": "SnapKit",
        "repositoryURL": "git@github.com:SnapKit/SnapKit.git",
        "state": {
          "branch": null,
          "revision": "d458564516e5676af9c70b4f4b2a9178294f1bc6",
          "version": "5.0.1"
        }
      },
      {
        "package": "SwiftSoup",
        "repositoryURL": "https://github.com/scinfu/SwiftSoup.git",
        "state": {
          "branch": null,
          "revision": "21e2a405e19298ad477fc007094db91b6cac08c3",
          "version": "2.3.1"
        }
      },
      {
        "package": "SWXMLHash",
        "repositoryURL": "https://github.com/drmohundro/swxmlhash",
        "state": {
          "branch": null,
          "revision": "a4931e5c3bafbedeb1601d3bb76bbe835c6d475a",
          "version": "5.0.1"
        }
      }
    ]
  },
  "version": 1
}
